{
  "name": "matrix_yun",
  "version": "1.0.0",
  "lockfileVersion": 2,
  "requires": true,
  "packages": {
    "": {
      "name": "matrix_yun",
      "version": "1.0.0",
      "license": "ISC",
      "dependencies": {
        "matrix_yun": "^1.0.0"
      }
    },
    "node_modules/matrix_yun": {
      "version": "1.0.0",
      "resolved": "https://registry.npmjs.org/matrix_yun/-/matrix_yun-1.0.0.tgz",
      "integrity": "sha512-WZyUZxcVHSl7/ay+/cAjWaRxqnl/tyWvqTLvKAMSPUqXYNszbGjEygScBRBSVy6pHngnmlIhDXJKFbntwKJd4w=="
    }
  },
  "dependencies": {
    "matrix_yun": {
      "version": "1.0.0",
      "resolved": "https://registry.npmjs.org/matrix_yun/-/matrix_yun-1.0.0.tgz",
      "integrity": "sha512-WZyUZxcVHSl7/ay+/cAjWaRxqnl/tyWvqTLvKAMSPUqXYNszbGjEygScBRBSVy6pHngnmlIhDXJKFbntwKJd4w=="
    }
  }
}
